
Microsoft Visual Studio Solution File, Format Version 12.00
# Visual Studio Version 17
VisualStudioVersion = 17.11.35303.130
MinimumVisualStudioVersion = 10.0.40219.1
Project("{FAE04EC0-301F-11D3-BF4B-00C04F79EFBC}") = "TaskNeticDemo", "TaskNeticDemo.csproj", "{3727D430-ADB0-4405-A0DC-BBEC1E1B7056}"
EndProject
Global
	GlobalSection(SolutionConfigurationPlatforms) = preSolution
		Debug|Any CPU = Debug|Any CPU
		Release|Any CPU = Release|Any CPU
	EndGlobalSection
	GlobalSection(ProjectConfigurationPlatforms) = postSolution
		{3727D430-ADB0-4405-A0DC-BBEC1E1B7056}.Debug|Any CPU.ActiveCfg = Debug|Any CPU
		{3727D430-ADB0-4405-A0DC-BBEC1E1B7056}.Debug|Any CPU.Build.0 = Debug|Any CPU
		{3727D430-ADB0-4405-A0DC-BBEC1E1B7056}.Release|Any CPU.ActiveCfg = Release|Any CPU
		{3727D430-ADB0-4405-A0DC-BBEC1E1B7056}.Release|Any CPU.Build.0 = Release|Any CPU
	EndGlobalSection
	GlobalSection(SolutionProperties) = preSolution
		HideSolutionNode = FALSE
	EndGlobalSection
	GlobalSection(ExtensibilityGlobals) = postSolution
		SolutionGuid = {1F601CD6-7AED-4D3B-B348-5DFC16FCDF7F}
	EndGlobalSection
EndGlobal
